{
    "_readme": [
        "This file locks the dependencies of your project to a known state",
        "Read more about it at https://getcomposer.org/doc/01-basic-usage.md#composer-lock-the-lock-file",
        "This file is @generated automatically"
    ],
    "hash": "5888bc2d3a57df20b0ca25df87992aa5",
    "content-hash": "7337739e47afecd48aab353dd2b298e0",
    "packages": [
        {
            "name": "bordercloud/tether",
            "version": "1.1.1",
            "source": {
                "type": "git",
                "url": "https://github.com/BorderCloud/tether.git",
                "reference": "71c1c347a14ac545a36376685453633aa14f4b40"
            },
            "dist": {
                "type": "zip",
                "url": "https://api.github.com/repos/BorderCloud/tether/zipball/71c1c347a14ac545a36376685453633aa14f4b40",
                "reference": "71c1c347a14ac545a36376685453633aa14f4b40",
                "shasum": ""
            },
            "type": "library",
            "notification-url": "https://packagist.org/downloads/",
            "description": "Clone of hubspot/tether",
            "homepage": "https://github.com/BorderCloud/tether.git",
            "time": "2015-12-19 14:41:11"
        },
        {
            "name": "twbs/bootstrap",
            "version": "4.0.0-alpha.6",
            "source": {
                "type": "git",
                "url": "https://github.com/twbs/bootstrap.git",
                "reference": "65ffb1c3b6e94440812a2e228cb8e8be512652ec"
            },
            "dist": {
                "type": "zip",
                "url": "https://api.github.com/repos/twbs/bootstrap/zipball/65ffb1c3b6e94440812a2e228cb8e8be512652ec",
                "reference": "65ffb1c3b6e94440812a2e228cb8e8be512652ec",
                "shasum": ""
            },
            "replace": {
                "twitter/bootstrap": "self.version"
            },
            "type": "library",
            "extra": {
                "branch-alias": {
                    "dev-master": "3.3.x-dev"
                }
            },
            "notification-url": "https://packagist.org/downloads/",
            "license": [
                "MIT"
            ],
            "authors": [
                {
                    "name": "Jacob Thornton",
                    "email": "jacobthornton@gmail.com"
                },
                {
                    "name": "Mark Otto",
                    "email": "markdotto@gmail.com"
                }
            ],
            "description": "The most popular front-end framework for developing responsive, mobile first projects on the web.",
            "homepage": "https://getbootstrap.com",
            "keywords": [
                "JS",
                "css",
                "framework",
                "front-end",
                "mobile-first",
                "responsive",
                "sass",
                "web"
            ],
            "time": "2017-01-06 16:41:52"
        }
    ],
    "packages-dev": [],
    "aliases": [],
    "minimum-stability": "stable",
    "stability-flags": {
        "twbs/bootstrap": 15
    },
    "prefer-stable": false,
    "prefer-lowest": false,
    "platform": [],
    "platform-dev": []
}
